
Microsoft Visual Studio Solution File, Format Version 12.00
# Visual Studio 14
VisualStudioVersion = 14.0.25420.1
MinimumVisualStudioVersion = 10.0.40219.1
Project("{FAE04EC0-301F-11D3-BF4B-00C04F79EFBC}") = "DropToken", "DropToken\DropToken.csproj", "{A8412A01-DE5C-46D7-8008-9898F147DD85}"
EndProject
Project("{FAE04EC0-301F-11D3-BF4B-00C04F79EFBC}") = "DropTokenUnitTests", "DropTokenUnitTests\DropTokenUnitTests.csproj", "{423D6C56-83AC-4E28-B8E3-AD54DD2E055A}"
EndProject
Global
	GlobalSection(SolutionConfigurationPlatforms) = preSolution
		Debug|Any CPU = Debug|Any CPU
		Release|Any CPU = Release|Any CPU
	EndGlobalSection
	GlobalSection(ProjectConfigurationPlatforms) = postSolution
		{A8412A01-DE5C-46D7-8008-9898F147DD85}.Debug|Any CPU.ActiveCfg = Debug|Any CPU
		{A8412A01-DE5C-46D7-8008-9898F147DD85}.Debug|Any CPU.Build.0 = Debug|Any CPU
		{A8412A01-DE5C-46D7-8008-9898F147DD85}.Release|Any CPU.ActiveCfg = Release|Any CPU
		{A8412A01-DE5C-46D7-8008-9898F147DD85}.Release|Any CPU.Build.0 = Release|Any CPU
		{423D6C56-83AC-4E28-B8E3-AD54DD2E055A}.Debug|Any CPU.ActiveCfg = Debug|Any CPU
		{423D6C56-83AC-4E28-B8E3-AD54DD2E055A}.Debug|Any CPU.Build.0 = Debug|Any CPU
		{423D6C56-83AC-4E28-B8E3-AD54DD2E055A}.Release|Any CPU.ActiveCfg = Release|Any CPU
		{423D6C56-83AC-4E28-B8E3-AD54DD2E055A}.Release|Any CPU.Build.0 = Release|Any CPU
	EndGlobalSection
	GlobalSection(SolutionProperties) = preSolution
		HideSolutionNode = FALSE
	EndGlobalSection
EndGlobal
